// !$*UTF8*$!
{
	archiveVersion = 1;
	classes = {
	};
	objectVersion = 50;
	objects = {

/* Begin PBXBuildFile section */
		55607D5320FCD98500D8105A /* AppDelegate.swift in Sources */ = {isa = PBXBuildFile; fileRef = 55607D5220FCD98500D8105A /* AppDelegate.swift */; };
		55607D5520FCD98500D8105A /* ViewController.swift in Sources */ = {isa = PBXBuildFile; fileRef = 55607D5420FCD98500D8105A /* ViewController.swift */; };
		55607D5820FCD98500D8105A /* Main.storyboard in Resources */ = {isa = PBXBuildFile; fileRef = 55607D5620FCD98500D8105A /* Main.storyboard */; };
		55607D5A20FCD98700D8105A /* Assets.xcassets in Resources */ = {isa = PBXBuildFile; fileRef = 55607D5920FCD98700D8105A /* Assets.xcassets */; };
		55607D5D20FCD98700D8105A /* LaunchScreen.storyboard in Resources */ = {isa = PBXBuildFile; fileRef = 55607D5B20FCD98700D8105A /* LaunchScreen.storyboard */; };
/* End PBXBuildFile section */

/* Begin PBXFileReference section */
		55607D4F20FCD98500D8105A /* AgendaContatos.app */ = {isa = PBXFileReference; explicitFileType = wrapper.application; includeInIndex = 0; path = AgendaContatos.app; sourceTree = BUILT_PRODUCTS_DIR; };
		55607D5220FCD98500D8105A /* AppDelegate.swift */ = {isa = PBXFileReference; lastKnownFileType = sourcecode.swift; path = AppDelegate.swift; sourceTree = "<group>"; };
		55607D5420FCD98500D8105A /* ViewController.swift */ = {isa = PBXFileReference; lastKnownFileType = sourcecode.swift; path = ViewController.swift; sourceTree = "<group>"; };
		55607D5720FCD98500D8105A /* Base */ = {isa = PBXFileReference; lastKnownFileType = file.storyboard; name = Base; path = Base.lproj/Main.storyboard; sourceTree = "<group>"; };
		55607D5920FCD98700D8105A /* Assets.xcassets */ = {isa = PBXFileReference; lastKnownFileType = folder.assetcatalog; path = Assets.xcassets; sourceTree = "<group>"; };
		55607D5C20FCD98700D8105A /* Base */ = {isa = PBXFileReference; lastKnownFileType = file.storyboard; name = Base; path = Base.lproj/LaunchScreen.storyboard; sourceTree = "<group>"; };
		55607D5E20FCD98700D8105A /* Info.plist */ = {isa = PBXFileReference; lastKnownFileType = text.plist.xml; path = Info.plist; sourceTree = "<group>"; };
/* End PBXFileReference section */

/* Begin PBXFrameworksBuildPhase section */
		55607D4C20FCD98500D8105A /* Frameworks */ = {
			isa = PBXFrameworksBuildPhase;
			buildActionMask = 2147483647;
			files = (
			);
			runOnlyForDeploymentPostprocessing = 0;
		};
/* End PBXFrameworksBuildPhase section */

/* Begin PBXGroup section */
		55607D4620FCD98500D8105A = {
			isa = PBXGroup;
			children = (
				55607D5120FCD98500D8105A /* AgendaContatos */,
				55607D5020FCD98500D8105A /* Products */,
			);
			sourceTree = "<group>";
		};
		55607D5020FCD98500D8105A /* Products */ = {
			isa = PBXGroup;
			children = (
				55607D4F20FCD98500D8105A /* AgendaContatos.app */,
			);
			name = Products;
			sourceTree = "<group>";
		};
		55607D5120FCD98500D8105A /* AgendaContatos */ = {
			isa = PBXGroup;
			children = (
				55607D6520FCD99C00D8105A /* Application */,
				55607D6620FCD9AC00D8105A /* Login */,
			);
			path = AgendaContatos;
			sourceTree = "<group>";
		};
		55607D6420FCD99100D8105A /* Supporting Files */ = {
			isa = PBXGroup;
			children = (
				55607D5920FCD98700D8105A /* Assets.xcassets */,
				55607D5B20FCD98700D8105A /* LaunchScreen.storyboard */,
				55607D5E20FCD98700D8105A /* Info.plist */,
			);
			path = "Supporting Files";
			sourceTree = "<group>";
		};
		55607D6520FCD99C00D8105A /* Application */ = {
			isa = PBXGroup;
			children = (
				55607D5220FCD98500D8105A /* AppDelegate.swift */,
				55607D6420FCD99100D8105A /* Supporting Files */,
			);
			path = Application;
			sourceTree = "<group>";
		};
		55607D6620FCD9AC00D8105A /* Login */ = {
			isa = PBXGroup;
			children = (
				55607D5420FCD98500D8105A /* ViewController.swift */,
				55607D5620FCD98500D8105A /* Main.storyboard */,
			);
			path = Login;
			sourceTree = "<group>";
		};
/* End PBXGroup section */

/* Begin PBXNativeTarget section */
		55607D4E20FCD98500D8105A /* AgendaContatos */ = {
			isa = PBXNativeTarget;
			buildConfigurationList = 55607D6120FCD98700D8105A /* Build configuration list for PBXNativeTarget "AgendaContatos" */;
			buildPhases = (
				55607D4B20FCD98500D8105A /* Sources */,
				55607D4C20FCD98500D8105A /* Frameworks */,
				55607D4D20FCD98500D8105A /* Resources */,
			);
			buildRules = (
			);
			dependencies = (
			);
			name = AgendaContatos;
			productName = AgendaContatos;
			productReference = 55607D4F20FCD98500D8105A /* AgendaContatos.app */;
			productType = "com.apple.product-type.application";
		};
/* End PBXNativeTarget section */

/* Begin PBXProject section */
		55607D4720FCD98500D8105A /* Project object */ = {
			isa = PBXProject;
			attributes = {
				LastSwiftUpdateCheck = 1000;
				LastUpgradeCheck = 1000;
				ORGANIZATIONNAME = "Breno Aquino";
				TargetAttributes = {
					55607D4E20FCD98500D8105A = {
						CreatedOnToolsVersion = 10.0;
					};
				};
			};
			buildConfigurationList = 55607D4A20FCD98500D8105A /* Build configuration list for PBXProject "AgendaContatos" */;
			compatibilityVersion = "Xcode 9.3";
			developmentRegion = en;
			hasScannedForEncodings = 0;
			knownRegions = (
				en,
				Base,
			);
			mainGroup = 55607D4620FCD98500D8105A;
			productRefGroup = 55607D5020FCD98500D8105A /* Products */;
			projectDirPath = "";
			projectRoot = "";
			targets = (
				55607D4E20FCD98500D8105A /* AgendaContatos */,
			);
		};
/* End PBXProject section */

/* Begin PBXResourcesBuildPhase section */
		55607D4D20FCD98500D8105A /* Resources */ = {
			isa = PBXResourcesBuildPhase;
			buildActionMask = 2147483647;
			files = (
				55607D5D20FCD98700D8105A /* LaunchScreen.storyboard in Resources */,
				55607D5A20FCD98700D8105A /* Assets.xcassets in Resources */,
				55607D5820FCD98500D8105A /* Main.storyboard in Resources */,
			);
			runOnlyForDeploymentPostprocessing = 0;
		};
/* End PBXResourcesBuildPhase section */

/* Begin PBXSourcesBuildPhase section */
		55607D4B20FCD98500D8105A /* Sources */ = {
			isa = PBXSourcesBuildPhase;
			buildActionMask = 2147483647;
			files = (
				55607D5520FCD98500D8105A /* ViewController.swift in Sources */,
				55607D5320FCD98500D8105A /* AppDelegate.swift in Sources */,
			);
			runOnlyForDeploymentPostprocessing = 0;
		};
/* End PBXSourcesBuildPhase section */

/* Begin PBXVariantGroup section */
		55607D5620FCD98500D8105A /* Main.storyboard */ = {
			isa = PBXVariantGroup;
			children = (
				55607D5720FCD98500D8105A /* Base */,
			);
			name = Main.storyboard;
			sourceTree = "<group>";
		};
		55607D5B20FCD98700D8105A /* LaunchScreen.storyboard */ = {
			isa = PBXVariantGroup;
			children = (
				55607D5C20FCD98700D8105A /* Base */,
			);
			name = LaunchScreen.storyboard;
			sourceTree = "<group>";
		};
/* End PBXVariantGroup section */

/* Begin XCBuildConfiguration section */
		55607D5F20FCD98700D8105A /* Debug */ = {
			isa = XCBuildConfiguration;
			buildSettings = {
				ALWAYS_SEARCH_USER_PATHS = NO;
				CLANG_ANALYZER_NONNULL = YES;
				CLANG_ANALYZER_NUMBER_OBJECT_CONVERSION = YES_AGGRESSIVE;
				CLANG_CXX_LANGUAGE_STANDARD = "gnu++14";
				CLANG_CXX_LIBRARY = "libc++";
				CLANG_ENABLE_MODULES = YES;
				CLANG_ENABLE_OBJC_ARC = YES;
				CLANG_ENABLE_OBJC_WEAK = YES;
				CLANG_WARN_BLOCK_CAPTURE_AUTORELEASING = YES;
				CLANG_WARN_BOOL_CONVERSION = YES;
				CLANG_WARN_COMMA = YES;
				CLANG_WARN_CONSTANT_CONVERSION = YES;
				CLANG_WARN_DEPRECATED_OBJC_IMPLEMENTATIONS = YES;
				CLANG_WARN_DIRECT_OBJC_ISA_USAGE = YES_ERROR;
				CLANG_WARN_DOCUMENTATION_COMMENTS = YES;
				CLANG_WARN_EMPTY_BODY = YES;
				CLANG_WARN_ENUM_CONVERSION = YES;
				CLANG_WARN_INFINITE_RECURSION = YES;
				CLANG_WARN_INT_CONVERSION = YES;
				CLANG_WARN_NON_LITERAL_NULL_CONVERSION = YES;
				CLANG_WARN_OBJC_IMPLICIT_RETAIN_SELF = YES;
				CLANG_WARN_OBJC_LITERAL_CONVERSION = YES;
				CLANG_WARN_OBJC_ROOT_CLASS = YES_ERROR;
				CLANG_WARN_RANGE_LOOP_ANALYSIS = YES;
				CLANG_WARN_STRICT_PROTOTYPES = YES;
				CLANG_WARN_SUSPICIOUS_MOVE = YES;
				CLANG_WARN_UNGUARDED_AVAILABILITY = YES_AGGRESSIVE;
				CLANG_WARN_UNREACHABLE_CODE = YES;
				CLANG_WARN__DUPLICATE_METHOD_MATCH = YES;
				CODE_SIGN_IDENTITY = "iPhone Developer";
				COPY_PHASE_STRIP = NO;
				DEBUG_INFORMATION_FORMAT = dwarf;
				ENABLE_STRICT_OBJC_MSGSEND = YES;
				ENABLE_TESTABILITY = YES;
				GCC_C_LANGUAGE_STANDARD = gnu11;
				GCC_DYNAMIC_NO_PIC = NO;
				GCC_NO_COMMON_BLOCKS = YES;
				GCC_OPTIMIZATION_LEVEL = 0;
				GCC_PREPROCESSOR_DEFINITIONS = (
					"DEBUG=1",
					"$(inherited)",
				);
				GCC_WARN_64_TO_32_BIT_CONVERSION = YES;
				GCC_WARN_ABOUT_RETURN_TYPE = YES_ERROR;
				GCC_WARN_UNDECLARED_SELECTOR = YES;
				GCC_WARN_UNINITIALIZED_AUTOS = YES_AGGRESSIVE;
				GCC_WARN_UNUSED_FUNCTION = YES;
				GCC_WARN_UNUSED_VARIABLE = YES;
				IPHONEOS_DEPLOYMENT_TARGET = 12.0;
				MTL_ENABLE_DEBUG_INFO = INCLUDE_SOURCE;
				MTL_FAST_MATH = YES;
				ONLY_ACTIVE_ARCH = YES;
				SDKROOT = iphoneos;
				SWIFT_ACTIVE_COMPILATION_CONDITIONS = DEBUG;
				SWIFT_OPTIMIZATION_LEVEL = "-Onone";
			};
			name = Debug;
		};
		55607D6020FCD98700D8105A /* Release */ = {
			isa = XCBuildConfiguration;
			buildSettings = {
				ALWAYS_SEARCH_USER_PATHS = NO;
				CLANG_ANALYZER_NONNULL = YES;
				CLANG_ANALYZER_NUMBER_OBJECT_CONVERSION = YES_AGGRESSIVE;
				CLANG_CXX_LANGUAGE_STANDARD = "gnu++14";
				CLANG_CXX_LIBRARY = "libc++";
				CLANG_ENABLE_MODULES = YES;
				CLANG_ENABLE_OBJC_ARC = YES;
				CLANG_ENABLE_OBJC_WEAK = YES;
				CLANG_WARN_BLOCK_CAPTURE_AUTORELEASING = YES;
				CLANG_WARN_BOOL_CONVERSION = YES;
				CLANG_WARN_COMMA = YES;
				CLANG_WARN_CONSTANT_CONVERSION = YES;
				CLANG_WARN_DEPRECATED_OBJC_IMPLEMENTATIONS = YES;
				CLANG_WARN_DIRECT_OBJC_ISA_USAGE = YES_ERROR;
				CLANG_WARN_DOCUMENTATION_COMMENTS = YES;
				CLANG_WARN_EMPTY_BODY = YES;
				CLANG_WARN_ENUM_CONVERSION = YES;
				CLANG_WARN_INFINITE_RECURSION = YES;
				CLANG_WARN_INT_CONVERSION = YES;
				CLANG_WARN_NON_LITERAL_NULL_CONVERSION = YES;
				CLANG_WARN_OBJC_IMPLICIT_RETAIN_SELF = YES;
				CLANG_WARN_OBJC_LITERAL_CONVERSION = YES;
				CLANG_WARN_OBJC_ROOT_CLASS = YES_ERROR;
				CLANG_WARN_RANGE_LOOP_ANALYSIS = YES;
				CLANG_WARN_STRICT_PROTOTYPES = YES;
				CLANG_WARN_SUSPICIOUS_MOVE = YES;
				CLANG_WARN_UNGUARDED_AVAILABILITY = YES_AGGRESSIVE;
				CLANG_WARN_UNREACHABLE_CODE = YES;
				CLANG_WARN__DUPLICATE_METHOD_MATCH = YES;
				CODE_SIGN_IDENTITY = "iPhone Developer";
				COPY_PHASE_STRIP = NO;
				DEBUG_INFORMATION_FORMAT = "dwarf-with-dsym";
				ENABLE_NS_ASSERTIONS = NO;
				ENABLE_STRICT_OBJC_MSGSEND = YES;
				GCC_C_LANGUAGE_STANDARD = gnu11;
				GCC_NO_COMMON_BLOCKS = YES;
				GCC_WARN_64_TO_32_BIT_CONVERSION = YES;
				GCC_WARN_ABOUT_RETURN_TYPE = YES_ERROR;
				GCC_WARN_UNDECLARED_SELECTOR = YES;
				GCC_WARN_UNINITIALIZED_AUTOS = YES_AGGRESSIVE;
				GCC_WARN_UNUSED_FUNCTION = YES;
				GCC_WARN_UNUSED_VARIABLE = YES;
				IPHONEOS_DEPLOYMENT_TARGET = 12.0;
				MTL_ENABLE_DEBUG_INFO = NO;
				MTL_FAST_MATH = YES;
				SDKROOT = iphoneos;
				SWIFT_COMPILATION_MODE = wholemodule;
				SWIFT_OPTIMIZATION_LEVEL = "-O";
				VALIDATE_PRODUCT = YES;
			};
			name = Release;
		};
		55607D6220FCD98700D8105A /* Debug */ = {
			isa = XCBuildConfiguration;
			buildSettings = {
				ASSETCATALOG_COMPILER_APPICON_NAME = AppIcon;
				CODE_SIGN_STYLE = Automatic;
				DEVELOPMENT_TEAM = 53UTSLXRU6;
				INFOPLIST_FILE = AgendaContatos/Info.plist;
				LD_RUNPATH_SEARCH_PATHS = (
					"$(inherited)",
					"@executable_path/Frameworks",
				);
				PRODUCT_BUNDLE_IDENTIFIER = brenoaquino.AgendaContatos;
				PRODUCT_NAME = "$(TARGET_NAME)";
				SWIFT_VERSION = 4.2;
				TARGETED_DEVICE_FAMILY = "1,2";
			};
			name = Debug;
		};
		55607D6320FCD98700D8105A /* Release */ = {
			isa = XCBuildConfiguration;
			buildSettings = {
				ASSETCATALOG_COMPILER_APPICON_NAME = AppIcon;
				CODE_SIGN_STYLE = Automatic;
				DEVELOPMENT_TEAM = 53UTSLXRU6;
				INFOPLIST_FILE = AgendaContatos/Info.plist;
				LD_RUNPATH_SEARCH_PATHS = (
					"$(inherited)",
					"@executable_path/Frameworks",
				);
				PRODUCT_BUNDLE_IDENTIFIER = brenoaquino.AgendaContatos;
				PRODUCT_NAME = "$(TARGET_NAME)";
				SWIFT_VERSION = 4.2;
				TARGETED_DEVICE_FAMILY = "1,2";
			};
			name = Release;
		};
/* End XCBuildConfiguration section */

/* Begin XCConfigurationList section */
		55607D4A20FCD98500D8105A /* Build configuration list for PBXProject "AgendaContatos" */ = {
			isa = XCConfigurationList;
			buildConfigurations = (
				55607D5F20FCD98700D8105A /* Debug */,
				55607D6020FCD98700D8105A /* Release */,
			);
			defaultConfigurationIsVisible = 0;
			defaultConfigurationName = Release;
		};
		55607D6120FCD98700D8105A /* Build configuration list for PBXNativeTarget "AgendaContatos" */ = {
			isa = XCConfigurationList;
			buildConfigurations = (
				55607D6220FCD98700D8105A /* Debug */,
				55607D6320FCD98700D8105A /* Release */,
			);
			defaultConfigurationIsVisible = 0;
			defaultConfigurationName = Release;
		};
/* End XCConfigurationList section */
	};
	rootObject = 55607D4720FCD98500D8105A /* Project object */;
}
